
Microsoft Visual Studio Solution File, Format Version 12.00
Project("{FAE04EC0-301F-11D3-BF4B-00C04F79EFBC}") = "Interfaces", "Interfaces\Interfaces.csproj", "{3D7DAB1A-4DBE-4A06-96F5-03F100481C55}"
EndProject
Project("{FAE04EC0-301F-11D3-BF4B-00C04F79EFBC}") = "Settings", "Settings\Settings.csproj", "{3AC13501-F889-4928-895A-9A7E04986CB3}"
EndProject
Project("{FAE04EC0-301F-11D3-BF4B-00C04F79EFBC}") = "CS System Classes", "CS System Classes\CS System Classes.csproj", "{61DE7FB1-DC2D-49D9-9ADE-07125CD8B492}"
EndProject
Project("{FAE04EC0-301F-11D3-BF4B-00C04F79EFBC}") = "Package", "Package\Package.csproj", "{ABD1D2A3-8CCC-4AC8-9F30-3BEC0D499AD7}"
EndProject
Project("{2150E333-8FDC-42A3-9474-1A3956D46DE8}") = "Wrappers", "Wrappers", "{8F640A13-4565-4540-B9E6-560C464AA3E5}"
EndProject
Project("{FAE04EC0-301F-11D3-BF4B-00C04F79EFBC}") = "CASPartResource", "CASPartResource\CASPartResource.csproj", "{37CD1598-37DA-47F6-86E5-D5F89CBDBF67}"
EndProject
Project("{FAE04EC0-301F-11D3-BF4B-00C04F79EFBC}") = "CatalogResource", "CatalogResource\CatalogResource.csproj", "{9D79174A-A311-448F-8D91-C283F93C9B63}"
EndProject
Project("{FAE04EC0-301F-11D3-BF4B-00C04F79EFBC}") = "ComplateResource", "ComplateResource\ComplateResource.csproj", "{8D0BEF93-3DC1-40DC-9314-C3F9F32E6D51}"
EndProject
Project("{FAE04EC0-301F-11D3-BF4B-00C04F79EFBC}") = "DefaultResource", "DefaultResource\DefaultResource.csproj", "{6B523763-F49D-4167-BC22-38CCB45D5D5D}"
EndProject
Project("{FAE04EC0-301F-11D3-BF4B-00C04F79EFBC}") = "GenericRCOLResource", "GenericRCOLResource\GenericRCOLResource.csproj", "{6A0E04EB-1ACB-4CD7-BF7A-FDC67C7558D7}"
EndProject
Project("{FAE04EC0-301F-11D3-BF4B-00C04F79EFBC}") = "JazzResource", "JazzResource\JazzResource.csproj", "{844C8944-BCAF-44D8-A546-3218A7776A65}"
EndProject
Project("{FAE04EC0-301F-11D3-BF4B-00C04F79EFBC}") = "MeshChunks", "MeshChunks\MeshChunks.csproj", "{D130E095-9C86-4CD3-B94E-AEC7A71B8F5E}"
EndProject
Project("{FAE04EC0-301F-11D3-BF4B-00C04F79EFBC}") = "RCOLChunks", "RCOLChunks\RCOLChunks.csproj", "{5AF4A5AD-8C96-4948-9BAF-3BA76F79C2B0}"
EndProject
Project("{FAE04EC0-301F-11D3-BF4B-00C04F79EFBC}") = "ModularResource", "ModularResource\ModularResource.csproj", "{B126CBA2-5244-4C84-826C-AA95CEFCBA51}"
EndProject
Project("{FAE04EC0-301F-11D3-BF4B-00C04F79EFBC}") = "NameMapResource", "NameMapResource\NameMapResource.csproj", "{836F18BB-19DE-4F70-A0E4-049D79AAFB2E}"
EndProject
Project("{FAE04EC0-301F-11D3-BF4B-00C04F79EFBC}") = "NGMPHashMapResource", "NGMPHashMapResource\NGMPHashMapResource.csproj", "{4012138F-478A-4A5D-BC3C-D3A8A60A62A0}"
EndProject
Project("{FAE04EC0-301F-11D3-BF4B-00C04F79EFBC}") = "ObjKeyResource", "ObjKeyResource\ObjKeyResource.csproj", "{DCE2E752-C530-4DAB-A284-1AC2865C646C}"
EndProject
Project("{FAE04EC0-301F-11D3-BF4B-00C04F79EFBC}") = "RigResource", "RigResource\RigResource.csproj", "{E6834E12-F673-41F5-BD22-7EF04C7CC2A0}"
EndProject
Project("{FAE04EC0-301F-11D3-BF4B-00C04F79EFBC}") = "ScriptResource", "ScriptResource\ScriptResource.csproj", "{37BB99F1-3738-4A83-A041-3FC40D67882F}"
EndProject
Project("{FAE04EC0-301F-11D3-BF4B-00C04F79EFBC}") = "StblResource", "StblResource\StblResource.csproj", "{020FB598-2DAA-4A27-A5D0-F1957B6BFF23}"
EndProject
Project("{FAE04EC0-301F-11D3-BF4B-00C04F79EFBC}") = "TxtcResource", "TxtcResource\TxtcResource.csproj", "{3E0CC784-1CF6-422B-A29C-493E8A05F550}"
EndProject
Project("{FAE04EC0-301F-11D3-BF4B-00C04F79EFBC}") = "UserCAStPresetResource", "UserCAStPresetResource\UserCAStPresetResource.csproj", "{ECE317EC-4462-4E4D-9867-F86D92386B4E}"
EndProject
Global
	GlobalSection(SolutionConfigurationPlatforms) = preSolution
		Debug|Any CPU = Debug|Any CPU
		Release|Any CPU = Release|Any CPU
	EndGlobalSection
	GlobalSection(ProjectConfigurationPlatforms) = postSolution
		{3D7DAB1A-4DBE-4A06-96F5-03F100481C55}.Debug|Any CPU.ActiveCfg = Debug|Any CPU
		{3D7DAB1A-4DBE-4A06-96F5-03F100481C55}.Debug|Any CPU.Build.0 = Debug|Any CPU
		{3D7DAB1A-4DBE-4A06-96F5-03F100481C55}.Release|Any CPU.ActiveCfg = Release|Any CPU
		{3D7DAB1A-4DBE-4A06-96F5-03F100481C55}.Release|Any CPU.Build.0 = Release|Any CPU
		{3AC13501-F889-4928-895A-9A7E04986CB3}.Debug|Any CPU.ActiveCfg = Debug|Any CPU
		{3AC13501-F889-4928-895A-9A7E04986CB3}.Debug|Any CPU.Build.0 = Debug|Any CPU
		{3AC13501-F889-4928-895A-9A7E04986CB3}.Release|Any CPU.ActiveCfg = Release|Any CPU
		{3AC13501-F889-4928-895A-9A7E04986CB3}.Release|Any CPU.Build.0 = Release|Any CPU
		{61DE7FB1-DC2D-49D9-9ADE-07125CD8B492}.Debug|Any CPU.ActiveCfg = Debug|Any CPU
		{61DE7FB1-DC2D-49D9-9ADE-07125CD8B492}.Debug|Any CPU.Build.0 = Debug|Any CPU
		{61DE7FB1-DC2D-49D9-9ADE-07125CD8B492}.Release|Any CPU.ActiveCfg = Release|Any CPU
		{61DE7FB1-DC2D-49D9-9ADE-07125CD8B492}.Release|Any CPU.Build.0 = Release|Any CPU
		{ABD1D2A3-8CCC-4AC8-9F30-3BEC0D499AD7}.Debug|Any CPU.ActiveCfg = Debug|Any CPU
		{ABD1D2A3-8CCC-4AC8-9F30-3BEC0D499AD7}.Debug|Any CPU.Build.0 = Debug|Any CPU
		{ABD1D2A3-8CCC-4AC8-9F30-3BEC0D499AD7}.Release|Any CPU.ActiveCfg = Release|Any CPU
		{ABD1D2A3-8CCC-4AC8-9F30-3BEC0D499AD7}.Release|Any CPU.Build.0 = Release|Any CPU
		{37CD1598-37DA-47F6-86E5-D5F89CBDBF67}.Debug|Any CPU.ActiveCfg = Debug|Any CPU
		{37CD1598-37DA-47F6-86E5-D5F89CBDBF67}.Debug|Any CPU.Build.0 = Debug|Any CPU
		{37CD1598-37DA-47F6-86E5-D5F89CBDBF67}.Release|Any CPU.ActiveCfg = Release|Any CPU
		{37CD1598-37DA-47F6-86E5-D5F89CBDBF67}.Release|Any CPU.Build.0 = Release|Any CPU
		{9D79174A-A311-448F-8D91-C283F93C9B63}.Debug|Any CPU.ActiveCfg = Debug|Any CPU
		{9D79174A-A311-448F-8D91-C283F93C9B63}.Debug|Any CPU.Build.0 = Debug|Any CPU
		{9D79174A-A311-448F-8D91-C283F93C9B63}.Release|Any CPU.ActiveCfg = Release|Any CPU
		{9D79174A-A311-448F-8D91-C283F93C9B63}.Release|Any CPU.Build.0 = Release|Any CPU
		{8D0BEF93-3DC1-40DC-9314-C3F9F32E6D51}.Debug|Any CPU.ActiveCfg = Debug|Any CPU
		{8D0BEF93-3DC1-40DC-9314-C3F9F32E6D51}.Debug|Any CPU.Build.0 = Debug|Any CPU
		{8D0BEF93-3DC1-40DC-9314-C3F9F32E6D51}.Release|Any CPU.ActiveCfg = Release|Any CPU
		{8D0BEF93-3DC1-40DC-9314-C3F9F32E6D51}.Release|Any CPU.Build.0 = Release|Any CPU
		{6B523763-F49D-4167-BC22-38CCB45D5D5D}.Debug|Any CPU.ActiveCfg = Debug|Any CPU
		{6B523763-F49D-4167-BC22-38CCB45D5D5D}.Debug|Any CPU.Build.0 = Debug|Any CPU
		{6B523763-F49D-4167-BC22-38CCB45D5D5D}.Release|Any CPU.ActiveCfg = Release|Any CPU
		{6B523763-F49D-4167-BC22-38CCB45D5D5D}.Release|Any CPU.Build.0 = Release|Any CPU
		{6A0E04EB-1ACB-4CD7-BF7A-FDC67C7558D7}.Debug|Any CPU.ActiveCfg = Debug|Any CPU
		{6A0E04EB-1ACB-4CD7-BF7A-FDC67C7558D7}.Debug|Any CPU.Build.0 = Debug|Any CPU
		{6A0E04EB-1ACB-4CD7-BF7A-FDC67C7558D7}.Release|Any CPU.ActiveCfg = Release|Any CPU
		{6A0E04EB-1ACB-4CD7-BF7A-FDC67C7558D7}.Release|Any CPU.Build.0 = Release|Any CPU
		{844C8944-BCAF-44D8-A546-3218A7776A65}.Debug|Any CPU.ActiveCfg = Debug|Any CPU
		{844C8944-BCAF-44D8-A546-3218A7776A65}.Debug|Any CPU.Build.0 = Debug|Any CPU
		{844C8944-BCAF-44D8-A546-3218A7776A65}.Release|Any CPU.ActiveCfg = Release|Any CPU
		{844C8944-BCAF-44D8-A546-3218A7776A65}.Release|Any CPU.Build.0 = Release|Any CPU
		{D130E095-9C86-4CD3-B94E-AEC7A71B8F5E}.Debug|Any CPU.ActiveCfg = Debug|Any CPU
		{D130E095-9C86-4CD3-B94E-AEC7A71B8F5E}.Debug|Any CPU.Build.0 = Debug|Any CPU
		{D130E095-9C86-4CD3-B94E-AEC7A71B8F5E}.Release|Any CPU.ActiveCfg = Release|Any CPU
		{D130E095-9C86-4CD3-B94E-AEC7A71B8F5E}.Release|Any CPU.Build.0 = Release|Any CPU
		{5AF4A5AD-8C96-4948-9BAF-3BA76F79C2B0}.Debug|Any CPU.ActiveCfg = Debug|Any CPU
		{5AF4A5AD-8C96-4948-9BAF-3BA76F79C2B0}.Debug|Any CPU.Build.0 = Debug|Any CPU
		{5AF4A5AD-8C96-4948-9BAF-3BA76F79C2B0}.Release|Any CPU.ActiveCfg = Release|Any CPU
		{5AF4A5AD-8C96-4948-9BAF-3BA76F79C2B0}.Release|Any CPU.Build.0 = Release|Any CPU
		{B126CBA2-5244-4C84-826C-AA95CEFCBA51}.Debug|Any CPU.ActiveCfg = Debug|Any CPU
		{B126CBA2-5244-4C84-826C-AA95CEFCBA51}.Debug|Any CPU.Build.0 = Debug|Any CPU
		{B126CBA2-5244-4C84-826C-AA95CEFCBA51}.Release|Any CPU.ActiveCfg = Release|Any CPU
		{B126CBA2-5244-4C84-826C-AA95CEFCBA51}.Release|Any CPU.Build.0 = Release|Any CPU
		{836F18BB-19DE-4F70-A0E4-049D79AAFB2E}.Debug|Any CPU.ActiveCfg = Debug|Any CPU
		{836F18BB-19DE-4F70-A0E4-049D79AAFB2E}.Debug|Any CPU.Build.0 = Debug|Any CPU
		{836F18BB-19DE-4F70-A0E4-049D79AAFB2E}.Release|Any CPU.ActiveCfg = Release|Any CPU
		{836F18BB-19DE-4F70-A0E4-049D79AAFB2E}.Release|Any CPU.Build.0 = Release|Any CPU
		{4012138F-478A-4A5D-BC3C-D3A8A60A62A0}.Debug|Any CPU.ActiveCfg = Debug|Any CPU
		{4012138F-478A-4A5D-BC3C-D3A8A60A62A0}.Debug|Any CPU.Build.0 = Debug|Any CPU
		{4012138F-478A-4A5D-BC3C-D3A8A60A62A0}.Release|Any CPU.ActiveCfg = Release|Any CPU
		{4012138F-478A-4A5D-BC3C-D3A8A60A62A0}.Release|Any CPU.Build.0 = Release|Any CPU
		{DCE2E752-C530-4DAB-A284-1AC2865C646C}.Debug|Any CPU.ActiveCfg = Debug|Any CPU
		{DCE2E752-C530-4DAB-A284-1AC2865C646C}.Debug|Any CPU.Build.0 = Debug|Any CPU
		{DCE2E752-C530-4DAB-A284-1AC2865C646C}.Release|Any CPU.ActiveCfg = Release|Any CPU
		{DCE2E752-C530-4DAB-A284-1AC2865C646C}.Release|Any CPU.Build.0 = Release|Any CPU
		{E6834E12-F673-41F5-BD22-7EF04C7CC2A0}.Debug|Any CPU.ActiveCfg = Debug|Any CPU
		{E6834E12-F673-41F5-BD22-7EF04C7CC2A0}.Debug|Any CPU.Build.0 = Debug|Any CPU
		{E6834E12-F673-41F5-BD22-7EF04C7CC2A0}.Release|Any CPU.ActiveCfg = Release|Any CPU
		{E6834E12-F673-41F5-BD22-7EF04C7CC2A0}.Release|Any CPU.Build.0 = Release|Any CPU
		{37BB99F1-3738-4A83-A041-3FC40D67882F}.Debug|Any CPU.ActiveCfg = Debug|Any CPU
		{37BB99F1-3738-4A83-A041-3FC40D67882F}.Debug|Any CPU.Build.0 = Debug|Any CPU
		{37BB99F1-3738-4A83-A041-3FC40D67882F}.Release|Any CPU.ActiveCfg = Release|Any CPU
		{37BB99F1-3738-4A83-A041-3FC40D67882F}.Release|Any CPU.Build.0 = Release|Any CPU
		{020FB598-2DAA-4A27-A5D0-F1957B6BFF23}.Debug|Any CPU.ActiveCfg = Debug|Any CPU
		{020FB598-2DAA-4A27-A5D0-F1957B6BFF23}.Debug|Any CPU.Build.0 = Debug|Any CPU
		{020FB598-2DAA-4A27-A5D0-F1957B6BFF23}.Release|Any CPU.ActiveCfg = Release|Any CPU
		{020FB598-2DAA-4A27-A5D0-F1957B6BFF23}.Release|Any CPU.Build.0 = Release|Any CPU
		{3E0CC784-1CF6-422B-A29C-493E8A05F550}.Debug|Any CPU.ActiveCfg = Debug|Any CPU
		{3E0CC784-1CF6-422B-A29C-493E8A05F550}.Debug|Any CPU.Build.0 = Debug|Any CPU
		{3E0CC784-1CF6-422B-A29C-493E8A05F550}.Release|Any CPU.ActiveCfg = Release|Any CPU
		{3E0CC784-1CF6-422B-A29C-493E8A05F550}.Release|Any CPU.Build.0 = Release|Any CPU
		{ECE317EC-4462-4E4D-9867-F86D92386B4E}.Debug|Any CPU.ActiveCfg = Debug|Any CPU
		{ECE317EC-4462-4E4D-9867-F86D92386B4E}.Debug|Any CPU.Build.0 = Debug|Any CPU
		{ECE317EC-4462-4E4D-9867-F86D92386B4E}.Release|Any CPU.ActiveCfg = Release|Any CPU
		{ECE317EC-4462-4E4D-9867-F86D92386B4E}.Release|Any CPU.Build.0 = Release|Any CPU
	EndGlobalSection
	GlobalSection(NestedProjects) = preSolution
		{37CD1598-37DA-47F6-86E5-D5F89CBDBF67} = {8F640A13-4565-4540-B9E6-560C464AA3E5}
		{9D79174A-A311-448F-8D91-C283F93C9B63} = {8F640A13-4565-4540-B9E6-560C464AA3E5}
		{8D0BEF93-3DC1-40DC-9314-C3F9F32E6D51} = {8F640A13-4565-4540-B9E6-560C464AA3E5}
		{6B523763-F49D-4167-BC22-38CCB45D5D5D} = {8F640A13-4565-4540-B9E6-560C464AA3E5}
		{6A0E04EB-1ACB-4CD7-BF7A-FDC67C7558D7} = {8F640A13-4565-4540-B9E6-560C464AA3E5}
		{844C8944-BCAF-44D8-A546-3218A7776A65} = {8F640A13-4565-4540-B9E6-560C464AA3E5}
		{D130E095-9C86-4CD3-B94E-AEC7A71B8F5E} = {8F640A13-4565-4540-B9E6-560C464AA3E5}
		{5AF4A5AD-8C96-4948-9BAF-3BA76F79C2B0} = {8F640A13-4565-4540-B9E6-560C464AA3E5}
		{B126CBA2-5244-4C84-826C-AA95CEFCBA51} = {8F640A13-4565-4540-B9E6-560C464AA3E5}
		{836F18BB-19DE-4F70-A0E4-049D79AAFB2E} = {8F640A13-4565-4540-B9E6-560C464AA3E5}
		{4012138F-478A-4A5D-BC3C-D3A8A60A62A0} = {8F640A13-4565-4540-B9E6-560C464AA3E5}
		{DCE2E752-C530-4DAB-A284-1AC2865C646C} = {8F640A13-4565-4540-B9E6-560C464AA3E5}
		{E6834E12-F673-41F5-BD22-7EF04C7CC2A0} = {8F640A13-4565-4540-B9E6-560C464AA3E5}
		{37BB99F1-3738-4A83-A041-3FC40D67882F} = {8F640A13-4565-4540-B9E6-560C464AA3E5}
		{020FB598-2DAA-4A27-A5D0-F1957B6BFF23} = {8F640A13-4565-4540-B9E6-560C464AA3E5}
		{3E0CC784-1CF6-422B-A29C-493E8A05F550} = {8F640A13-4565-4540-B9E6-560C464AA3E5}
		{ECE317EC-4462-4E4D-9867-F86D92386B4E} = {8F640A13-4565-4540-B9E6-560C464AA3E5}
	EndGlobalSection
EndGlobal
